{
  "name": "ai-development-dashboard",
  "version": "0.1.0",
  "lockfileVersion": 3,
  "requires": true,
  "packages": {
    "": {
      "name": "ai-development-dashboard",
      "version": "0.1.0",
      "license": "MIT",
      "bin": {
        "ai-dashboard": "bin/ai-dashboard.js"
      },
      "engines": {
        "node": ">=20"
      }
    }
  }
}
